
Microsoft Visual Studio Solution File, Format Version 12.00
# Visual Studio Version 16
VisualStudioVersion = 16.0.30611.23
MinimumVisualStudioVersion = 10.0.40219.1
Project("{9A19103F-16F7-4668-BE54-9A1E7A4F7556}") = "SM.API", "SM.API\SM.API.csproj", "{9B0D73B3-E4B5-413B-9758-6EB0C8BBE2F5}"
EndProject
Project("{9A19103F-16F7-4668-BE54-9A1E7A4F7556}") = "SM.Domain", "SM.Domain\SM.Domain.csproj", "{4D8540A8-63FA-45CC-B8A9-C3388129F619}"
EndProject
Project("{9A19103F-16F7-4668-BE54-9A1E7A4F7556}") = "SM.Application", "SM.Application\SM.Application.csproj", "{D704A09F-C0E8-43C8-B392-4C365A40F765}"
EndProject
Project("{9A19103F-16F7-4668-BE54-9A1E7A4F7556}") = "SM.Infrastructure", "Infrastructure\SM.Infrastructure.csproj", "{0FB9E0BB-F218-41A4-81A5-2BCA92B9B19D}"
EndProject
Project("{2150E333-8FDC-42A3-9474-1A3956D46DE8}") = "Core", "Core", "{2AF89AD5-672A-4AA3-9904-E2BEC1B193CE}"
EndProject
Project("{2150E333-8FDC-42A3-9474-1A3956D46DE8}") = "Tests", "Tests", "{515100F8-9A87-46FE-BA1B-C3ABBAB1F138}"
EndProject
Project("{9A19103F-16F7-4668-BE54-9A1E7A4F7556}") = "SM.Application.UnitTests", "SM.Application.UnitTests\SM.Application.UnitTests.csproj", "{28C86246-A2FA-4A4C-8D6E-62B988B39A93}"
EndProject
Project("{2150E333-8FDC-42A3-9474-1A3956D46DE8}") = "Microservices", "Microservices", "{A0905CFD-AE00-40AD-9E50-D5D5D7F95A4A}"
EndProject
Project("{9A19103F-16F7-4668-BE54-9A1E7A4F7556}") = "SM.Registration", "Microservices\SM.Registration\SM.Registration.csproj", "{566BED23-2552-4791-B097-81BA9B0A7FEA}"
EndProject
Project("{2150E333-8FDC-42A3-9474-1A3956D46DE8}") = "WorkerService", "WorkerService", "{E9FAFEB7-89C4-4739-8ACB-15A5B6F6F1AF}"
EndProject
Project("{2150E333-8FDC-42A3-9474-1A3956D46DE8}") = "Experiments", "Experiments", "{E8D3C6E9-1DB4-429E-B3E0-575B0F41F556}"
EndProject
Project("{9A19103F-16F7-4668-BE54-9A1E7A4F7556}") = "WorkerService1", "WorkerServices\Experiments\WorkerService1\WorkerService1.csproj", "{7707F5F3-DBAF-4C8A-9989-300C7786F570}"
EndProject
Project("{9A19103F-16F7-4668-BE54-9A1E7A4F7556}") = "Ws.Exp.Shared", "WorkerServices\Experiments\Ws.Exp.Shared\Ws.Exp.Shared.csproj", "{8F5BE727-1B1B-400D-9314-C32193F05D91}"
EndProject
Project("{2150E333-8FDC-42A3-9474-1A3956D46DE8}") = "Broadcast", "Broadcast", "{D2F38DC2-2317-4A93-98F0-26BF33E803C7}"
EndProject
Project("{9A19103F-16F7-4668-BE54-9A1E7A4F7556}") = "WorkerServiceBroadcastSource", "WorkerService\Experiments\Broadcast\WorkerServiceBroadcastSource\WorkerServiceBroadcastSource.csproj", "{9E786CEC-8C21-4659-B088-0B983059C79E}"
EndProject
Project("{9A19103F-16F7-4668-BE54-9A1E7A4F7556}") = "WorkerServiceBroadcastReceiver", "WorkerService\Experiments\Broadcast\WorkerServiceBroadcastReceiver\WorkerServiceBroadcastReceiver.csproj", "{63190F89-48D5-420B-84F2-693560D0D495}"
EndProject
Project("{FAE04EC0-301F-11D3-BF4B-00C04F79EFBC}") = "SM.Validation", "Microservices\SM.Validation\SM.Validation.csproj", "{6809FB56-FE7B-4425-8F9A-49E9E95B350E}"
EndProject
Project("{2150E333-8FDC-42A3-9474-1A3956D46DE8}") = "Shared", "Shared", "{573F4534-0E3D-4676-86A8-4639B9ACD9D0}"
EndProject
Project("{FAE04EC0-301F-11D3-BF4B-00C04F79EFBC}") = "Shared.Contract", "Shared\Shared.Contract\Shared.Contract.csproj", "{32E31F89-51FC-4CBA-82B6-D07FCD59B679}"
EndProject
Global
	GlobalSection(SolutionConfigurationPlatforms) = preSolution
		Debug|Any CPU = Debug|Any CPU
		Release|Any CPU = Release|Any CPU
	EndGlobalSection
	GlobalSection(ProjectConfigurationPlatforms) = postSolution
		{9B0D73B3-E4B5-413B-9758-6EB0C8BBE2F5}.Debug|Any CPU.ActiveCfg = Debug|Any CPU
		{9B0D73B3-E4B5-413B-9758-6EB0C8BBE2F5}.Debug|Any CPU.Build.0 = Debug|Any CPU
		{9B0D73B3-E4B5-413B-9758-6EB0C8BBE2F5}.Release|Any CPU.ActiveCfg = Release|Any CPU
		{9B0D73B3-E4B5-413B-9758-6EB0C8BBE2F5}.Release|Any CPU.Build.0 = Release|Any CPU
		{4D8540A8-63FA-45CC-B8A9-C3388129F619}.Debug|Any CPU.ActiveCfg = Debug|Any CPU
		{4D8540A8-63FA-45CC-B8A9-C3388129F619}.Debug|Any CPU.Build.0 = Debug|Any CPU
		{4D8540A8-63FA-45CC-B8A9-C3388129F619}.Release|Any CPU.ActiveCfg = Release|Any CPU
		{4D8540A8-63FA-45CC-B8A9-C3388129F619}.Release|Any CPU.Build.0 = Release|Any CPU
		{D704A09F-C0E8-43C8-B392-4C365A40F765}.Debug|Any CPU.ActiveCfg = Debug|Any CPU
		{D704A09F-C0E8-43C8-B392-4C365A40F765}.Debug|Any CPU.Build.0 = Debug|Any CPU
		{D704A09F-C0E8-43C8-B392-4C365A40F765}.Release|Any CPU.ActiveCfg = Release|Any CPU
		{D704A09F-C0E8-43C8-B392-4C365A40F765}.Release|Any CPU.Build.0 = Release|Any CPU
		{0FB9E0BB-F218-41A4-81A5-2BCA92B9B19D}.Debug|Any CPU.ActiveCfg = Debug|Any CPU
		{0FB9E0BB-F218-41A4-81A5-2BCA92B9B19D}.Debug|Any CPU.Build.0 = Debug|Any CPU
		{0FB9E0BB-F218-41A4-81A5-2BCA92B9B19D}.Release|Any CPU.ActiveCfg = Release|Any CPU
		{0FB9E0BB-F218-41A4-81A5-2BCA92B9B19D}.Release|Any CPU.Build.0 = Release|Any CPU
		{28C86246-A2FA-4A4C-8D6E-62B988B39A93}.Debug|Any CPU.ActiveCfg = Debug|Any CPU
		{28C86246-A2FA-4A4C-8D6E-62B988B39A93}.Debug|Any CPU.Build.0 = Debug|Any CPU
		{28C86246-A2FA-4A4C-8D6E-62B988B39A93}.Release|Any CPU.ActiveCfg = Release|Any CPU
		{28C86246-A2FA-4A4C-8D6E-62B988B39A93}.Release|Any CPU.Build.0 = Release|Any CPU
		{566BED23-2552-4791-B097-81BA9B0A7FEA}.Debug|Any CPU.ActiveCfg = Debug|Any CPU
		{566BED23-2552-4791-B097-81BA9B0A7FEA}.Debug|Any CPU.Build.0 = Debug|Any CPU
		{566BED23-2552-4791-B097-81BA9B0A7FEA}.Release|Any CPU.ActiveCfg = Release|Any CPU
		{566BED23-2552-4791-B097-81BA9B0A7FEA}.Release|Any CPU.Build.0 = Release|Any CPU
		{7707F5F3-DBAF-4C8A-9989-300C7786F570}.Debug|Any CPU.ActiveCfg = Debug|Any CPU
		{7707F5F3-DBAF-4C8A-9989-300C7786F570}.Debug|Any CPU.Build.0 = Debug|Any CPU
		{7707F5F3-DBAF-4C8A-9989-300C7786F570}.Release|Any CPU.ActiveCfg = Release|Any CPU
		{7707F5F3-DBAF-4C8A-9989-300C7786F570}.Release|Any CPU.Build.0 = Release|Any CPU
		{8F5BE727-1B1B-400D-9314-C32193F05D91}.Debug|Any CPU.ActiveCfg = Debug|Any CPU
		{8F5BE727-1B1B-400D-9314-C32193F05D91}.Debug|Any CPU.Build.0 = Debug|Any CPU
		{8F5BE727-1B1B-400D-9314-C32193F05D91}.Release|Any CPU.ActiveCfg = Release|Any CPU
		{8F5BE727-1B1B-400D-9314-C32193F05D91}.Release|Any CPU.Build.0 = Release|Any CPU
		{9E786CEC-8C21-4659-B088-0B983059C79E}.Debug|Any CPU.ActiveCfg = Debug|Any CPU
		{9E786CEC-8C21-4659-B088-0B983059C79E}.Debug|Any CPU.Build.0 = Debug|Any CPU
		{9E786CEC-8C21-4659-B088-0B983059C79E}.Release|Any CPU.ActiveCfg = Release|Any CPU
		{9E786CEC-8C21-4659-B088-0B983059C79E}.Release|Any CPU.Build.0 = Release|Any CPU
		{63190F89-48D5-420B-84F2-693560D0D495}.Debug|Any CPU.ActiveCfg = Debug|Any CPU
		{63190F89-48D5-420B-84F2-693560D0D495}.Debug|Any CPU.Build.0 = Debug|Any CPU
		{63190F89-48D5-420B-84F2-693560D0D495}.Release|Any CPU.ActiveCfg = Release|Any CPU
		{63190F89-48D5-420B-84F2-693560D0D495}.Release|Any CPU.Build.0 = Release|Any CPU
		{6809FB56-FE7B-4425-8F9A-49E9E95B350E}.Debug|Any CPU.ActiveCfg = Debug|Any CPU
		{6809FB56-FE7B-4425-8F9A-49E9E95B350E}.Debug|Any CPU.Build.0 = Debug|Any CPU
		{6809FB56-FE7B-4425-8F9A-49E9E95B350E}.Release|Any CPU.ActiveCfg = Release|Any CPU
		{6809FB56-FE7B-4425-8F9A-49E9E95B350E}.Release|Any CPU.Build.0 = Release|Any CPU
		{32E31F89-51FC-4CBA-82B6-D07FCD59B679}.Debug|Any CPU.ActiveCfg = Debug|Any CPU
		{32E31F89-51FC-4CBA-82B6-D07FCD59B679}.Debug|Any CPU.Build.0 = Debug|Any CPU
		{32E31F89-51FC-4CBA-82B6-D07FCD59B679}.Release|Any CPU.ActiveCfg = Release|Any CPU
		{32E31F89-51FC-4CBA-82B6-D07FCD59B679}.Release|Any CPU.Build.0 = Release|Any CPU
	EndGlobalSection
	GlobalSection(SolutionProperties) = preSolution
		HideSolutionNode = FALSE
	EndGlobalSection
	GlobalSection(NestedProjects) = preSolution
		{4D8540A8-63FA-45CC-B8A9-C3388129F619} = {2AF89AD5-672A-4AA3-9904-E2BEC1B193CE}
		{D704A09F-C0E8-43C8-B392-4C365A40F765} = {2AF89AD5-672A-4AA3-9904-E2BEC1B193CE}
		{28C86246-A2FA-4A4C-8D6E-62B988B39A93} = {515100F8-9A87-46FE-BA1B-C3ABBAB1F138}
		{566BED23-2552-4791-B097-81BA9B0A7FEA} = {A0905CFD-AE00-40AD-9E50-D5D5D7F95A4A}
		{E8D3C6E9-1DB4-429E-B3E0-575B0F41F556} = {E9FAFEB7-89C4-4739-8ACB-15A5B6F6F1AF}
		{7707F5F3-DBAF-4C8A-9989-300C7786F570} = {E8D3C6E9-1DB4-429E-B3E0-575B0F41F556}
		{8F5BE727-1B1B-400D-9314-C32193F05D91} = {E8D3C6E9-1DB4-429E-B3E0-575B0F41F556}
		{D2F38DC2-2317-4A93-98F0-26BF33E803C7} = {E8D3C6E9-1DB4-429E-B3E0-575B0F41F556}
		{9E786CEC-8C21-4659-B088-0B983059C79E} = {D2F38DC2-2317-4A93-98F0-26BF33E803C7}
		{63190F89-48D5-420B-84F2-693560D0D495} = {D2F38DC2-2317-4A93-98F0-26BF33E803C7}
		{6809FB56-FE7B-4425-8F9A-49E9E95B350E} = {A0905CFD-AE00-40AD-9E50-D5D5D7F95A4A}
		{32E31F89-51FC-4CBA-82B6-D07FCD59B679} = {573F4534-0E3D-4676-86A8-4639B9ACD9D0}
	EndGlobalSection
	GlobalSection(ExtensibilityGlobals) = postSolution
		SolutionGuid = {1155CBAC-2F56-466C-98BC-3FBCD63017B3}
	EndGlobalSection
EndGlobal
